// !$*UTF8*$!
{
	archiveVersion = 1;
	classes = {
	};
	objectVersion = 56;
	objects = {

/* Begin PBXBuildFile section */
		2E32E6BF2D89DEA100B5FC33 /* Extension + DateFormatter.swift in Sources */ = {isa = PBXBuildFile; fileRef = 2E32E6BE2D89DEA100B5FC33 /* Extension + DateFormatter.swift */; };
		2E47724D2D8962F900009933 /* ToDoListApp.swift in Sources */ = {isa = PBXBuildFile; fileRef = 2E47724C2D8962F900009933 /* ToDoListApp.swift */; };
		2E47724F2D8962F900009933 /* ContentView.swift in Sources */ = {isa = PBXBuildFile; fileRef = 2E47724E2D8962F900009933 /* ContentView.swift */; };
		2E4772512D8962FD00009933 /* Assets.xcassets in Resources */ = {isa = PBXBuildFile; fileRef = 2E4772502D8962FD00009933 /* Assets.xcassets */; };
		2E4772542D8962FD00009933 /* Preview Assets.xcassets in Resources */ = {isa = PBXBuildFile; fileRef = 2E4772532D8962FD00009933 /* Preview Assets.xcassets */; };
		2E4772562D8962FD00009933 /* Persistence.swift in Sources */ = {isa = PBXBuildFile; fileRef = 2E4772552D8962FD00009933 /* Persistence.swift */; };
		2E4772592D8962FD00009933 /* ToDoList.xcdatamodeld in Sources */ = {isa = PBXBuildFile; fileRef = 2E4772572D8962FD00009933 /* ToDoList.xcdatamodeld */; };
		2E4772602D89705D00009933 /* Entity.swift in Sources */ = {isa = PBXBuildFile; fileRef = 2E47725F2D89705D00009933 /* Entity.swift */; };
		2E4772622D89723F00009933 /* NetworkService.swift in Sources */ = {isa = PBXBuildFile; fileRef = 2E4772612D89723F00009933 /* NetworkService.swift */; };
		2E4772642D89726B00009933 /* TodoListInteractor.swift in Sources */ = {isa = PBXBuildFile; fileRef = 2E4772632D89726B00009933 /* TodoListInteractor.swift */; };
		2E4772662D89729800009933 /* TodoListPresenter.swift in Sources */ = {isa = PBXBuildFile; fileRef = 2E4772652D89729800009933 /* TodoListPresenter.swift */; };
		2E4772682D8972B800009933 /* TodoListRouter.swift in Sources */ = {isa = PBXBuildFile; fileRef = 2E4772672D8972B800009933 /* TodoListRouter.swift */; };
		2E47726A2D89760300009933 /* TaskDetailView.swift in Sources */ = {isa = PBXBuildFile; fileRef = 2E4772692D89760300009933 /* TaskDetailView.swift */; };
		2E47726C2D89762C00009933 /* SearchBarView.swift in Sources */ = {isa = PBXBuildFile; fileRef = 2E47726B2D89762C00009933 /* SearchBarView.swift */; };
/* End PBXBuildFile section */

/* Begin PBXFileReference section */
		2E32E6BE2D89DEA100B5FC33 /* Extension + DateFormatter.swift */ = {isa = PBXFileReference; lastKnownFileType = sourcecode.swift; path = "Extension + DateFormatter.swift"; sourceTree = "<group>"; };
		2E4772492D8962F900009933 /* ToDoList.app */ = {isa = PBXFileReference; explicitFileType = wrapper.application; includeInIndex = 0; path = ToDoList.app; sourceTree = BUILT_PRODUCTS_DIR; };
		2E47724C2D8962F900009933 /* ToDoListApp.swift */ = {isa = PBXFileReference; lastKnownFileType = sourcecode.swift; path = ToDoListApp.swift; sourceTree = "<group>"; };
		2E47724E2D8962F900009933 /* ContentView.swift */ = {isa = PBXFileReference; lastKnownFileType = sourcecode.swift; path = ContentView.swift; sourceTree = "<group>"; };
		2E4772502D8962FD00009933 /* Assets.xcassets */ = {isa = PBXFileReference; lastKnownFileType = folder.assetcatalog; path = Assets.xcassets; sourceTree = "<group>"; };
		2E4772532D8962FD00009933 /* Preview Assets.xcassets */ = {isa = PBXFileReference; lastKnownFileType = folder.assetcatalog; path = "Preview Assets.xcassets"; sourceTree = "<group>"; };
		2E4772552D8962FD00009933 /* Persistence.swift */ = {isa = PBXFileReference; lastKnownFileType = sourcecode.swift; path = Persistence.swift; sourceTree = "<group>"; };
		2E4772582D8962FD00009933 /* ToDoList.xcdatamodel */ = {isa = PBXFileReference; lastKnownFileType = wrapper.xcdatamodel; path = ToDoList.xcdatamodel; sourceTree = "<group>"; };
		2E47725F2D89705D00009933 /* Entity.swift */ = {isa = PBXFileReference; lastKnownFileType = sourcecode.swift; path = Entity.swift; sourceTree = "<group>"; };
		2E4772612D89723F00009933 /* NetworkService.swift */ = {isa = PBXFileReference; lastKnownFileType = sourcecode.swift; path = NetworkService.swift; sourceTree = "<group>"; };
		2E4772632D89726B00009933 /* TodoListInteractor.swift */ = {isa = PBXFileReference; lastKnownFileType = sourcecode.swift; path = TodoListInteractor.swift; sourceTree = "<group>"; };
		2E4772652D89729800009933 /* TodoListPresenter.swift */ = {isa = PBXFileReference; lastKnownFileType = sourcecode.swift; path = TodoListPresenter.swift; sourceTree = "<group>"; };
		2E4772672D8972B800009933 /* TodoListRouter.swift */ = {isa = PBXFileReference; lastKnownFileType = sourcecode.swift; path = TodoListRouter.swift; sourceTree = "<group>"; };
		2E4772692D89760300009933 /* TaskDetailView.swift */ = {isa = PBXFileReference; lastKnownFileType = sourcecode.swift; path = TaskDetailView.swift; sourceTree = "<group>"; };
		2E47726B2D89762C00009933 /* SearchBarView.swift */ = {isa = PBXFileReference; lastKnownFileType = sourcecode.swift; path = SearchBarView.swift; sourceTree = "<group>"; };
/* End PBXFileReference section */

/* Begin PBXFrameworksBuildPhase section */
		2E4772462D8962F900009933 /* Frameworks */ = {
			isa = PBXFrameworksBuildPhase;
			buildActionMask = 2147483647;
			files = (
			);
			runOnlyForDeploymentPostprocessing = 0;
		};
/* End PBXFrameworksBuildPhase section */

/* Begin PBXGroup section */
		2E32E6C02D89ECEB00B5FC33 /* View */ = {
			isa = PBXGroup;
			children = (
				2E47724E2D8962F900009933 /* ContentView.swift */,
				2E4772692D89760300009933 /* TaskDetailView.swift */,
				2E47726B2D89762C00009933 /* SearchBarView.swift */,
			);
			path = View;
			sourceTree = "<group>";
		};
		2E32E6C12D89ED0800B5FC33 /* Interactor */ = {
			isa = PBXGroup;
			children = (
				2E4772632D89726B00009933 /* TodoListInteractor.swift */,
			);
			path = Interactor;
			sourceTree = "<group>";
		};
		2E32E6C22D89ED1C00B5FC33 /* Presenter */ = {
			isa = PBXGroup;
			children = (
				2E4772652D89729800009933 /* TodoListPresenter.swift */,
			);
			path = Presenter;
			sourceTree = "<group>";
		};
		2E32E6C32D89ED2A00B5FC33 /* Entity */ = {
			isa = PBXGroup;
			children = (
				2E47725F2D89705D00009933 /* Entity.swift */,
			);
			path = Entity;
			sourceTree = "<group>";
		};
		2E32E6C42D89ED3C00B5FC33 /* Router */ = {
			isa = PBXGroup;
			children = (
				2E4772672D8972B800009933 /* TodoListRouter.swift */,
			);
			path = Router;
			sourceTree = "<group>";
		};
		2E32E6C52D89ED7F00B5FC33 /* Extensions */ = {
			isa = PBXGroup;
			children = (
				2E32E6BE2D89DEA100B5FC33 /* Extension + DateFormatter.swift */,
			);
			path = Extensions;
			sourceTree = "<group>";
		};
		2E32E6C62D89EDFA00B5FC33 /* Services */ = {
			isa = PBXGroup;
			children = (
				2E4772612D89723F00009933 /* NetworkService.swift */,
			);
			path = Services;
			sourceTree = "<group>";
		};
		2E4772402D8962F900009933 = {
			isa = PBXGroup;
			children = (
				2E47724B2D8962F900009933 /* ToDoList */,
				2E47724A2D8962F900009933 /* Products */,
			);
			sourceTree = "<group>";
		};
		2E47724A2D8962F900009933 /* Products */ = {
			isa = PBXGroup;
			children = (
				2E4772492D8962F900009933 /* ToDoList.app */,
			);
			name = Products;
			sourceTree = "<group>";
		};
		2E47724B2D8962F900009933 /* ToDoList */ = {
			isa = PBXGroup;
			children = (
				2E47724C2D8962F900009933 /* ToDoListApp.swift */,
				2E32E6C02D89ECEB00B5FC33 /* View */,
				2E32E6C12D89ED0800B5FC33 /* Interactor */,
				2E32E6C22D89ED1C00B5FC33 /* Presenter */,
				2E32E6C32D89ED2A00B5FC33 /* Entity */,
				2E32E6C42D89ED3C00B5FC33 /* Router */,
				2E32E6C62D89EDFA00B5FC33 /* Services */,
				2E32E6C52D89ED7F00B5FC33 /* Extensions */,
				2E4772502D8962FD00009933 /* Assets.xcassets */,
				2E4772552D8962FD00009933 /* Persistence.swift */,
				2E4772572D8962FD00009933 /* ToDoList.xcdatamodeld */,
				2E4772522D8962FD00009933 /* Preview Content */,
			);
			path = ToDoList;
			sourceTree = "<group>";
		};
		2E4772522D8962FD00009933 /* Preview Content */ = {
			isa = PBXGroup;
			children = (
				2E4772532D8962FD00009933 /* Preview Assets.xcassets */,
			);
			path = "Preview Content";
			sourceTree = "<group>";
		};
/* End PBXGroup section */

/* Begin PBXNativeTarget section */
		2E4772482D8962F900009933 /* ToDoList */ = {
			isa = PBXNativeTarget;
			buildConfigurationList = 2E47725C2D8962FD00009933 /* Build configuration list for PBXNativeTarget "ToDoList" */;
			buildPhases = (
				2E4772452D8962F900009933 /* Sources */,
				2E4772462D8962F900009933 /* Frameworks */,
				2E4772472D8962F900009933 /* Resources */,
			);
			buildRules = (
			);
			dependencies = (
			);
			name = ToDoList;
			productName = ToDoList;
			productReference = 2E4772492D8962F900009933 /* ToDoList.app */;
			productType = "com.apple.product-type.application";
		};
/* End PBXNativeTarget section */

/* Begin PBXProject section */
		2E4772412D8962F900009933 /* Project object */ = {
			isa = PBXProject;
			attributes = {
				BuildIndependentTargetsInParallel = 1;
				LastSwiftUpdateCheck = 1520;
				LastUpgradeCheck = 1520;
				TargetAttributes = {
					2E4772482D8962F900009933 = {
						CreatedOnToolsVersion = 15.2;
					};
				};
			};
			buildConfigurationList = 2E4772442D8962F900009933 /* Build configuration list for PBXProject "ToDoList" */;
			compatibilityVersion = "Xcode 14.0";
			developmentRegion = en;
			hasScannedForEncodings = 0;
			knownRegions = (
				en,
				Base,
			);
			mainGroup = 2E4772402D8962F900009933;
			productRefGroup = 2E47724A2D8962F900009933 /* Products */;
			projectDirPath = "";
			projectRoot = "";
			targets = (
				2E4772482D8962F900009933 /* ToDoList */,
			);
		};
/* End PBXProject section */

/* Begin PBXResourcesBuildPhase section */
		2E4772472D8962F900009933 /* Resources */ = {
			isa = PBXResourcesBuildPhase;
			buildActionMask = 2147483647;
			files = (
				2E4772542D8962FD00009933 /* Preview Assets.xcassets in Resources */,
				2E4772512D8962FD00009933 /* Assets.xcassets in Resources */,
			);
			runOnlyForDeploymentPostprocessing = 0;
		};
/* End PBXResourcesBuildPhase section */

/* Begin PBXSourcesBuildPhase section */
		2E4772452D8962F900009933 /* Sources */ = {
			isa = PBXSourcesBuildPhase;
			buildActionMask = 2147483647;
			files = (
				2E4772562D8962FD00009933 /* Persistence.swift in Sources */,
				2E4772602D89705D00009933 /* Entity.swift in Sources */,
				2E4772662D89729800009933 /* TodoListPresenter.swift in Sources */,
				2E47726A2D89760300009933 /* TaskDetailView.swift in Sources */,
				2E32E6BF2D89DEA100B5FC33 /* Extension + DateFormatter.swift in Sources */,
				2E47724F2D8962F900009933 /* ContentView.swift in Sources */,
				2E4772682D8972B800009933 /* TodoListRouter.swift in Sources */,
				2E47724D2D8962F900009933 /* ToDoListApp.swift in Sources */,
				2E47726C2D89762C00009933 /* SearchBarView.swift in Sources */,
				2E4772622D89723F00009933 /* NetworkService.swift in Sources */,
				2E4772642D89726B00009933 /* TodoListInteractor.swift in Sources */,
				2E4772592D8962FD00009933 /* ToDoList.xcdatamodeld in Sources */,
			);
			runOnlyForDeploymentPostprocessing = 0;
		};
/* End PBXSourcesBuildPhase section */

/* Begin XCBuildConfiguration section */
		2E47725A2D8962FD00009933 /* Debug */ = {
			isa = XCBuildConfiguration;
			buildSettings = {
				ALWAYS_SEARCH_USER_PATHS = NO;
				ASSETCATALOG_COMPILER_GENERATE_SWIFT_ASSET_SYMBOL_EXTENSIONS = YES;
				CLANG_ANALYZER_NONNULL = YES;
				CLANG_ANALYZER_NUMBER_OBJECT_CONVERSION = YES_AGGRESSIVE;
				CLANG_CXX_LANGUAGE_STANDARD = "gnu++20";
				CLANG_ENABLE_MODULES = YES;
				CLANG_ENABLE_OBJC_ARC = YES;
				CLANG_ENABLE_OBJC_WEAK = YES;
				CLANG_WARN_BLOCK_CAPTURE_AUTORELEASING = YES;
				CLANG_WARN_BOOL_CONVERSION = YES;
				CLANG_WARN_COMMA = YES;
				CLANG_WARN_CONSTANT_CONVERSION = YES;
				CLANG_WARN_DEPRECATED_OBJC_IMPLEMENTATIONS = YES;
				CLANG_WARN_DIRECT_OBJC_ISA_USAGE = YES_ERROR;
				CLANG_WARN_DOCUMENTATION_COMMENTS = YES;
				CLANG_WARN_EMPTY_BODY = YES;
				CLANG_WARN_ENUM_CONVERSION = YES;
				CLANG_WARN_INFINITE_RECURSION = YES;
				CLANG_WARN_INT_CONVERSION = YES;
				CLANG_WARN_NON_LITERAL_NULL_CONVERSION = YES;
				CLANG_WARN_OBJC_IMPLICIT_RETAIN_SELF = YES;
				CLANG_WARN_OBJC_LITERAL_CONVERSION = YES;
				CLANG_WARN_OBJC_ROOT_CLASS = YES_ERROR;
				CLANG_WARN_QUOTED_INCLUDE_IN_FRAMEWORK_HEADER = YES;
				CLANG_WARN_RANGE_LOOP_ANALYSIS = YES;
				CLANG_WARN_STRICT_PROTOTYPES = YES;
				CLANG_WARN_SUSPICIOUS_MOVE = YES;
				CLANG_WARN_UNGUARDED_AVAILABILITY = YES_AGGRESSIVE;
				CLANG_WARN_UNREACHABLE_CODE = YES;
				CLANG_WARN__DUPLICATE_METHOD_MATCH = YES;
				COPY_PHASE_STRIP = NO;
				DEBUG_INFORMATION_FORMAT = dwarf;
				ENABLE_STRICT_OBJC_MSGSEND = YES;
				ENABLE_TESTABILITY = YES;
				ENABLE_USER_SCRIPT_SANDBOXING = YES;
				GCC_C_LANGUAGE_STANDARD = gnu17;
				GCC_DYNAMIC_NO_PIC = NO;
				GCC_NO_COMMON_BLOCKS = YES;
				GCC_OPTIMIZATION_LEVEL = 0;
				GCC_PREPROCESSOR_DEFINITIONS = (
					"DEBUG=1",
					"$(inherited)",
				);
				GCC_WARN_64_TO_32_BIT_CONVERSION = YES;
				GCC_WARN_ABOUT_RETURN_TYPE = YES_ERROR;
				GCC_WARN_UNDECLARED_SELECTOR = YES;
				GCC_WARN_UNINITIALIZED_AUTOS = YES_AGGRESSIVE;
				GCC_WARN_UNUSED_FUNCTION = YES;
				GCC_WARN_UNUSED_VARIABLE = YES;
				IPHONEOS_DEPLOYMENT_TARGET = 17.2;
				LOCALIZATION_PREFERS_STRING_CATALOGS = YES;
				MTL_ENABLE_DEBUG_INFO = INCLUDE_SOURCE;
				MTL_FAST_MATH = YES;
				ONLY_ACTIVE_ARCH = YES;
				SDKROOT = iphoneos;
				SWIFT_ACTIVE_COMPILATION_CONDITIONS = "DEBUG $(inherited)";
				SWIFT_OPTIMIZATION_LEVEL = "-Onone";
			};
			name = Debug;
		};
		2E47725B2D8962FD00009933 /* Release */ = {
			isa = XCBuildConfiguration;
			buildSettings = {
				ALWAYS_SEARCH_USER_PATHS = NO;
				ASSETCATALOG_COMPILER_GENERATE_SWIFT_ASSET_SYMBOL_EXTENSIONS = YES;
				CLANG_ANALYZER_NONNULL = YES;
				CLANG_ANALYZER_NUMBER_OBJECT_CONVERSION = YES_AGGRESSIVE;
				CLANG_CXX_LANGUAGE_STANDARD = "gnu++20";
				CLANG_ENABLE_MODULES = YES;
				CLANG_ENABLE_OBJC_ARC = YES;
				CLANG_ENABLE_OBJC_WEAK = YES;
				CLANG_WARN_BLOCK_CAPTURE_AUTORELEASING = YES;
				CLANG_WARN_BOOL_CONVERSION = YES;
				CLANG_WARN_COMMA = YES;
				CLANG_WARN_CONSTANT_CONVERSION = YES;
				CLANG_WARN_DEPRECATED_OBJC_IMPLEMENTATIONS = YES;
				CLANG_WARN_DIRECT_OBJC_ISA_USAGE = YES_ERROR;
				CLANG_WARN_DOCUMENTATION_COMMENTS = YES;
				CLANG_WARN_EMPTY_BODY = YES;
				CLANG_WARN_ENUM_CONVERSION = YES;
				CLANG_WARN_INFINITE_RECURSION = YES;
				CLANG_WARN_INT_CONVERSION = YES;
				CLANG_WARN_NON_LITERAL_NULL_CONVERSION = YES;
				CLANG_WARN_OBJC_IMPLICIT_RETAIN_SELF = YES;
				CLANG_WARN_OBJC_LITERAL_CONVERSION = YES;
				CLANG_WARN_OBJC_ROOT_CLASS = YES_ERROR;
				CLANG_WARN_QUOTED_INCLUDE_IN_FRAMEWORK_HEADER = YES;
				CLANG_WARN_RANGE_LOOP_ANALYSIS = YES;
				CLANG_WARN_STRICT_PROTOTYPES = YES;
				CLANG_WARN_SUSPICIOUS_MOVE = YES;
				CLANG_WARN_UNGUARDED_AVAILABILITY = YES_AGGRESSIVE;
				CLANG_WARN_UNREACHABLE_CODE = YES;
				CLANG_WARN__DUPLICATE_METHOD_MATCH = YES;
				COPY_PHASE_STRIP = NO;
				DEBUG_INFORMATION_FORMAT = "dwarf-with-dsym";
				ENABLE_NS_ASSERTIONS = NO;
				ENABLE_STRICT_OBJC_MSGSEND = YES;
				ENABLE_USER_SCRIPT_SANDBOXING = YES;
				GCC_C_LANGUAGE_STANDARD = gnu17;
				GCC_NO_COMMON_BLOCKS = YES;
				GCC_WARN_64_TO_32_BIT_CONVERSION = YES;
				GCC_WARN_ABOUT_RETURN_TYPE = YES_ERROR;
				GCC_WARN_UNDECLARED_SELECTOR = YES;
				GCC_WARN_UNINITIALIZED_AUTOS = YES_AGGRESSIVE;
				GCC_WARN_UNUSED_FUNCTION = YES;
				GCC_WARN_UNUSED_VARIABLE = YES;
				IPHONEOS_DEPLOYMENT_TARGET = 17.2;
				LOCALIZATION_PREFERS_STRING_CATALOGS = YES;
				MTL_ENABLE_DEBUG_INFO = NO;
				MTL_FAST_MATH = YES;
				SDKROOT = iphoneos;
				SWIFT_COMPILATION_MODE = wholemodule;
				VALIDATE_PRODUCT = YES;
			};
			name = Release;
		};
		2E47725D2D8962FD00009933 /* Debug */ = {
			isa = XCBuildConfiguration;
			buildSettings = {
				ASSETCATALOG_COMPILER_APPICON_NAME = AppIcon;
				ASSETCATALOG_COMPILER_GLOBAL_ACCENT_COLOR_NAME = AccentColor;
				CODE_SIGN_STYLE = Automatic;
				CURRENT_PROJECT_VERSION = 1;
				DEVELOPMENT_ASSET_PATHS = "\"ToDoList/Preview Content\"";
				DEVELOPMENT_TEAM = JKG284T45M;
				ENABLE_PREVIEWS = YES;
				GENERATE_INFOPLIST_FILE = YES;
				INFOPLIST_KEY_UIApplicationSceneManifest_Generation = YES;
				INFOPLIST_KEY_UIApplicationSupportsIndirectInputEvents = YES;
				INFOPLIST_KEY_UILaunchScreen_Generation = YES;
				INFOPLIST_KEY_UISupportedInterfaceOrientations_iPad = "UIInterfaceOrientationPortrait UIInterfaceOrientationPortraitUpsideDown UIInterfaceOrientationLandscapeLeft UIInterfaceOrientationLandscapeRight";
				INFOPLIST_KEY_UISupportedInterfaceOrientations_iPhone = "UIInterfaceOrientationPortrait UIInterfaceOrientationLandscapeLeft UIInterfaceOrientationLandscapeRight";
				LD_RUNPATH_SEARCH_PATHS = (
					"$(inherited)",
					"@executable_path/Frameworks",
				);
				MARKETING_VERSION = 1.0;
				PRODUCT_BUNDLE_IDENTIFIER = domrachefff.ToDoList;
				PRODUCT_NAME = "$(TARGET_NAME)";
				SWIFT_EMIT_LOC_STRINGS = YES;
				SWIFT_VERSION = 5.0;
				TARGETED_DEVICE_FAMILY = "1,2";
			};
			name = Debug;
		};
		2E47725E2D8962FD00009933 /* Release */ = {
			isa = XCBuildConfiguration;
			buildSettings = {
				ASSETCATALOG_COMPILER_APPICON_NAME = AppIcon;
				ASSETCATALOG_COMPILER_GLOBAL_ACCENT_COLOR_NAME = AccentColor;
				CODE_SIGN_STYLE = Automatic;
				CURRENT_PROJECT_VERSION = 1;
				DEVELOPMENT_ASSET_PATHS = "\"ToDoList/Preview Content\"";
				DEVELOPMENT_TEAM = JKG284T45M;
				ENABLE_PREVIEWS = YES;
				GENERATE_INFOPLIST_FILE = YES;
				INFOPLIST_KEY_UIApplicationSceneManifest_Generation = YES;
				INFOPLIST_KEY_UIApplicationSupportsIndirectInputEvents = YES;
				INFOPLIST_KEY_UILaunchScreen_Generation = YES;
				INFOPLIST_KEY_UISupportedInterfaceOrientations_iPad = "UIInterfaceOrientationPortrait UIInterfaceOrientationPortraitUpsideDown UIInterfaceOrientationLandscapeLeft UIInterfaceOrientationLandscapeRight";
				INFOPLIST_KEY_UISupportedInterfaceOrientations_iPhone = "UIInterfaceOrientationPortrait UIInterfaceOrientationLandscapeLeft UIInterfaceOrientationLandscapeRight";
				LD_RUNPATH_SEARCH_PATHS = (
					"$(inherited)",
					"@executable_path/Frameworks",
				);
				MARKETING_VERSION = 1.0;
				PRODUCT_BUNDLE_IDENTIFIER = domrachefff.ToDoList;
				PRODUCT_NAME = "$(TARGET_NAME)";
				SWIFT_EMIT_LOC_STRINGS = YES;
				SWIFT_VERSION = 5.0;
				TARGETED_DEVICE_FAMILY = "1,2";
			};
			name = Release;
		};
/* End XCBuildConfiguration section */

/* Begin XCConfigurationList section */
		2E4772442D8962F900009933 /* Build configuration list for PBXProject "ToDoList" */ = {
			isa = XCConfigurationList;
			buildConfigurations = (
				2E47725A2D8962FD00009933 /* Debug */,
				2E47725B2D8962FD00009933 /* Release */,
			);
			defaultConfigurationIsVisible = 0;
			defaultConfigurationName = Release;
		};
		2E47725C2D8962FD00009933 /* Build configuration list for PBXNativeTarget "ToDoList" */ = {
			isa = XCConfigurationList;
			buildConfigurations = (
				2E47725D2D8962FD00009933 /* Debug */,
				2E47725E2D8962FD00009933 /* Release */,
			);
			defaultConfigurationIsVisible = 0;
			defaultConfigurationName = Release;
		};
/* End XCConfigurationList section */

/* Begin XCVersionGroup section */
		2E4772572D8962FD00009933 /* ToDoList.xcdatamodeld */ = {
			isa = XCVersionGroup;
			children = (
				2E4772582D8962FD00009933 /* ToDoList.xcdatamodel */,
			);
			currentVersion = 2E4772582D8962FD00009933 /* ToDoList.xcdatamodel */;
			path = ToDoList.xcdatamodeld;
			sourceTree = "<group>";
			versionGroupType = wrapper.xcdatamodel;
		};
/* End XCVersionGroup section */
	};
	rootObject = 2E4772412D8962F900009933 /* Project object */;
}
